// !$*UTF8*$!
{
	archiveVersion = 1;
	classes = {
	};
	objectVersion = 50;
	objects = {

/* Begin PBXBuildFile section */
		8040EE25232E5A3600BC8456 /* RXCDiffArray.framework in Frameworks */ = {isa = PBXBuildFile; fileRef = 8040EE24232E5A2E00BC8456 /* RXCDiffArray.framework */; };
		8040EE26232E5A3600BC8456 /* RXCDiffArray.framework in Embed Frameworks */ = {isa = PBXBuildFile; fileRef = 8040EE24232E5A2E00BC8456 /* RXCDiffArray.framework */; settings = {ATTRIBUTES = (CodeSignOnCopy, RemoveHeadersOnCopy, ); }; };
		8040EE2A232E62D000BC8456 /* RELListViewProtocol.swift in Sources */ = {isa = PBXBuildFile; fileRef = 8040EE29232E62D000BC8456 /* RELListViewProtocol.swift */; };
		8044CB982321108A005FCC30 /* RELTableViewCellSelectorManager.swift in Sources */ = {isa = PBXBuildFile; fileRef = 8044CB912321108A005FCC30 /* RELTableViewCellSelectorManager.swift */; };
		8044CB992321108A005FCC30 /* RELTableViewCellSelector.swift in Sources */ = {isa = PBXBuildFile; fileRef = 8044CB922321108A005FCC30 /* RELTableViewCellSelector.swift */; };
		8044CB9A2321108A005FCC30 /* RELCard.swift in Sources */ = {isa = PBXBuildFile; fileRef = 8044CB932321108A005FCC30 /* RELCard.swift */; };
		8044CB9B2321108A005FCC30 /* RELDataBindableObjectProtocol.swift in Sources */ = {isa = PBXBuildFile; fileRef = 8044CB952321108A005FCC30 /* RELDataBindableObjectProtocol.swift */; };
		8044CB9C2321108A005FCC30 /* RELEntity.swift in Sources */ = {isa = PBXBuildFile; fileRef = 8044CB962321108A005FCC30 /* RELEntity.swift */; };
		8044CB9D2321108A005FCC30 /* RXCEntityListViewController.swift in Sources */ = {isa = PBXBuildFile; fileRef = 8044CB972321108A005FCC30 /* RXCEntityListViewController.swift */; };
		8044CB9F2321145F005FCC30 /* RELCellSelectorPriority.swift in Sources */ = {isa = PBXBuildFile; fileRef = 8044CB9E2321145F005FCC30 /* RELCellSelectorPriority.swift */; };
		80B615D8232EA1B600EC4C11 /* RELRequestSpec.swift in Sources */ = {isa = PBXBuildFile; fileRef = 80B615D7232EA1B600EC4C11 /* RELRequestSpec.swift */; };
		80B615DA232EA99900EC4C11 /* RELListRequestDataProcessorProtocol.swift in Sources */ = {isa = PBXBuildFile; fileRef = 80B615D9232EA99900EC4C11 /* RELListRequestDataProcessorProtocol.swift */; };
		80CD3A7A2322319E00A7B039 /* RXCViewLikeObjectProtocol.swift in Sources */ = {isa = PBXBuildFile; fileRef = 80CD3A792322319E00A7B039 /* RXCViewLikeObjectProtocol.swift */; };
		80E9917822E0CE0500A7E1DF /* AppDelegate.swift in Sources */ = {isa = PBXBuildFile; fileRef = 80E9917722E0CE0500A7E1DF /* AppDelegate.swift */; };
		80E9917A22E0CE0500A7E1DF /* ViewController.swift in Sources */ = {isa = PBXBuildFile; fileRef = 80E9917922E0CE0500A7E1DF /* ViewController.swift */; };
		80E9917D22E0CE0500A7E1DF /* Main.storyboard in Resources */ = {isa = PBXBuildFile; fileRef = 80E9917B22E0CE0500A7E1DF /* Main.storyboard */; };
		80E9917F22E0CE0600A7E1DF /* Assets.xcassets in Resources */ = {isa = PBXBuildFile; fileRef = 80E9917E22E0CE0600A7E1DF /* Assets.xcassets */; };
		80E9918222E0CE0600A7E1DF /* LaunchScreen.storyboard in Resources */ = {isa = PBXBuildFile; fileRef = 80E9918022E0CE0600A7E1DF /* LaunchScreen.storyboard */; };
/* End PBXBuildFile section */

/* Begin PBXContainerItemProxy section */
		8040EE23232E5A2E00BC8456 /* PBXContainerItemProxy */ = {
			isa = PBXContainerItemProxy;
			containerPortal = 8040EE1F232E5A2E00BC8456 /* RXCDiffArray.xcodeproj */;
			proxyType = 2;
			remoteGlobalIDString = 8033FEFF232E50CA00F1B233;
			remoteInfo = RXCDiffArray;
		};
/* End PBXContainerItemProxy section */

/* Begin PBXCopyFilesBuildPhase section */
		8040EE27232E5A3600BC8456 /* Embed Frameworks */ = {
			isa = PBXCopyFilesBuildPhase;
			buildActionMask = 2147483647;
			dstPath = "";
			dstSubfolderSpec = 10;
			files = (
				8040EE26232E5A3600BC8456 /* RXCDiffArray.framework in Embed Frameworks */,
			);
			name = "Embed Frameworks";
			runOnlyForDeploymentPostprocessing = 0;
		};
/* End PBXCopyFilesBuildPhase section */

/* Begin PBXFileReference section */
		8040EE1F232E5A2E00BC8456 /* RXCDiffArray.xcodeproj */ = {isa = PBXFileReference; lastKnownFileType = "wrapper.pb-project"; name = RXCDiffArray.xcodeproj; path = ../../RXCDiffArray/RXCDiffArray.xcodeproj; sourceTree = "<group>"; };
		8040EE29232E62D000BC8456 /* RELListViewProtocol.swift */ = {isa = PBXFileReference; lastKnownFileType = sourcecode.swift; path = RELListViewProtocol.swift; sourceTree = "<group>"; };
		8044CB912321108A005FCC30 /* RELTableViewCellSelectorManager.swift */ = {isa = PBXFileReference; fileEncoding = 4; lastKnownFileType = sourcecode.swift; path = RELTableViewCellSelectorManager.swift; sourceTree = "<group>"; };
		8044CB922321108A005FCC30 /* RELTableViewCellSelector.swift */ = {isa = PBXFileReference; fileEncoding = 4; lastKnownFileType = sourcecode.swift; path = RELTableViewCellSelector.swift; sourceTree = "<group>"; };
		8044CB932321108A005FCC30 /* RELCard.swift */ = {isa = PBXFileReference; fileEncoding = 4; lastKnownFileType = sourcecode.swift; path = RELCard.swift; sourceTree = "<group>"; };
		8044CB952321108A005FCC30 /* RELDataBindableObjectProtocol.swift */ = {isa = PBXFileReference; fileEncoding = 4; lastKnownFileType = sourcecode.swift; path = RELDataBindableObjectProtocol.swift; sourceTree = "<group>"; };
		8044CB962321108A005FCC30 /* RELEntity.swift */ = {isa = PBXFileReference; fileEncoding = 4; lastKnownFileType = sourcecode.swift; path = RELEntity.swift; sourceTree = "<group>"; };
		8044CB972321108A005FCC30 /* RXCEntityListViewController.swift */ = {isa = PBXFileReference; fileEncoding = 4; lastKnownFileType = sourcecode.swift; path = RXCEntityListViewController.swift; sourceTree = "<group>"; };
		8044CB9E2321145F005FCC30 /* RELCellSelectorPriority.swift */ = {isa = PBXFileReference; lastKnownFileType = sourcecode.swift; path = RELCellSelectorPriority.swift; sourceTree = "<group>"; };
		80B615D7232EA1B600EC4C11 /* RELRequestSpec.swift */ = {isa = PBXFileReference; lastKnownFileType = sourcecode.swift; path = RELRequestSpec.swift; sourceTree = "<group>"; };
		80B615D9232EA99900EC4C11 /* RELListRequestDataProcessorProtocol.swift */ = {isa = PBXFileReference; lastKnownFileType = sourcecode.swift; path = RELListRequestDataProcessorProtocol.swift; sourceTree = "<group>"; };
		80CD3A792322319E00A7B039 /* RXCViewLikeObjectProtocol.swift */ = {isa = PBXFileReference; lastKnownFileType = sourcecode.swift; path = RXCViewLikeObjectProtocol.swift; sourceTree = "<group>"; };
		80E9917422E0CE0500A7E1DF /* RXCEntityListViewController.app */ = {isa = PBXFileReference; explicitFileType = wrapper.application; includeInIndex = 0; path = RXCEntityListViewController.app; sourceTree = BUILT_PRODUCTS_DIR; };
		80E9917722E0CE0500A7E1DF /* AppDelegate.swift */ = {isa = PBXFileReference; lastKnownFileType = sourcecode.swift; path = AppDelegate.swift; sourceTree = "<group>"; };
		80E9917922E0CE0500A7E1DF /* ViewController.swift */ = {isa = PBXFileReference; lastKnownFileType = sourcecode.swift; path = ViewController.swift; sourceTree = "<group>"; };
		80E9917C22E0CE0500A7E1DF /* Base */ = {isa = PBXFileReference; lastKnownFileType = file.storyboard; name = Base; path = Base.lproj/Main.storyboard; sourceTree = "<group>"; };
		80E9917E22E0CE0600A7E1DF /* Assets.xcassets */ = {isa = PBXFileReference; lastKnownFileType = folder.assetcatalog; path = Assets.xcassets; sourceTree = "<group>"; };
		80E9918122E0CE0600A7E1DF /* Base */ = {isa = PBXFileReference; lastKnownFileType = file.storyboard; name = Base; path = Base.lproj/LaunchScreen.storyboard; sourceTree = "<group>"; };
		80E9918322E0CE0600A7E1DF /* Info.plist */ = {isa = PBXFileReference; lastKnownFileType = text.plist.xml; path = Info.plist; sourceTree = "<group>"; };
/* End PBXFileReference section */

/* Begin PBXFrameworksBuildPhase section */
		80E9917122E0CE0500A7E1DF /* Frameworks */ = {
			isa = PBXFrameworksBuildPhase;
			buildActionMask = 2147483647;
			files = (
				8040EE25232E5A3600BC8456 /* RXCDiffArray.framework in Frameworks */,
			);
			runOnlyForDeploymentPostprocessing = 0;
		};
/* End PBXFrameworksBuildPhase section */

/* Begin PBXGroup section */
		8040EE20232E5A2E00BC8456 /* Products */ = {
			isa = PBXGroup;
			children = (
				8040EE24232E5A2E00BC8456 /* RXCDiffArray.framework */,
			);
			name = Products;
			sourceTree = "<group>";
		};
		8044CB8F2321108A005FCC30 /* Source */ = {
			isa = PBXGroup;
			children = (
				8044CB932321108A005FCC30 /* RELCard.swift */,
				8044CB962321108A005FCC30 /* RELEntity.swift */,
				8044CB902321108A005FCC30 /* Selector */,
				8044CB942321108A005FCC30 /* Protocol */,
				8044CB972321108A005FCC30 /* RXCEntityListViewController.swift */,
				80B615D7232EA1B600EC4C11 /* RELRequestSpec.swift */,
				80B615D9232EA99900EC4C11 /* RELListRequestDataProcessorProtocol.swift */,
			);
			name = Source;
			path = ../Source;
			sourceTree = "<group>";
		};
		8044CB902321108A005FCC30 /* Selector */ = {
			isa = PBXGroup;
			children = (
				8044CB922321108A005FCC30 /* RELTableViewCellSelector.swift */,
				8044CB912321108A005FCC30 /* RELTableViewCellSelectorManager.swift */,
				8044CB9E2321145F005FCC30 /* RELCellSelectorPriority.swift */,
			);
			path = Selector;
			sourceTree = "<group>";
		};
		8044CB942321108A005FCC30 /* Protocol */ = {
			isa = PBXGroup;
			children = (
				8044CB952321108A005FCC30 /* RELDataBindableObjectProtocol.swift */,
				80CD3A792322319E00A7B039 /* RXCViewLikeObjectProtocol.swift */,
				8040EE29232E62D000BC8456 /* RELListViewProtocol.swift */,
			);
			path = Protocol;
			sourceTree = "<group>";
		};
		80E9916B22E0CE0500A7E1DF = {
			isa = PBXGroup;
			children = (
				8040EE1F232E5A2E00BC8456 /* RXCDiffArray.xcodeproj */,
				8044CB8F2321108A005FCC30 /* Source */,
				80E9917622E0CE0500A7E1DF /* RXCEntityListViewController */,
				80E9917522E0CE0500A7E1DF /* Products */,
				9FAD52474426502E0209FE06 /* Pods */,
			);
			sourceTree = "<group>";
		};
		80E9917522E0CE0500A7E1DF /* Products */ = {
			isa = PBXGroup;
			children = (
				80E9917422E0CE0500A7E1DF /* RXCEntityListViewController.app */,
			);
			name = Products;
			sourceTree = "<group>";
		};
		80E9917622E0CE0500A7E1DF /* RXCEntityListViewController */ = {
			isa = PBXGroup;
			children = (
				80E9917722E0CE0500A7E1DF /* AppDelegate.swift */,
				80E9917922E0CE0500A7E1DF /* ViewController.swift */,
				80E9917B22E0CE0500A7E1DF /* Main.storyboard */,
				80E9917E22E0CE0600A7E1DF /* Assets.xcassets */,
				80E9918022E0CE0600A7E1DF /* LaunchScreen.storyboard */,
				80E9918322E0CE0600A7E1DF /* Info.plist */,
			);
			path = RXCEntityListViewController;
			sourceTree = "<group>";
		};
		9FAD52474426502E0209FE06 /* Pods */ = {
			isa = PBXGroup;
			children = (
			);
			path = Pods;
			sourceTree = "<group>";
		};
/* End PBXGroup section */

/* Begin PBXNativeTarget section */
		80E9917322E0CE0500A7E1DF /* RXCEntityListViewController */ = {
			isa = PBXNativeTarget;
			buildConfigurationList = 80E9918622E0CE0600A7E1DF /* Build configuration list for PBXNativeTarget "RXCEntityListViewController" */;
			buildPhases = (
				80E9917022E0CE0500A7E1DF /* Sources */,
				80E9917122E0CE0500A7E1DF /* Frameworks */,
				80E9917222E0CE0500A7E1DF /* Resources */,
				8040EE27232E5A3600BC8456 /* Embed Frameworks */,
			);
			buildRules = (
			);
			dependencies = (
			);
			name = RXCEntityListViewController;
			productName = RXCEntityListViewController;
			productReference = 80E9917422E0CE0500A7E1DF /* RXCEntityListViewController.app */;
			productType = "com.apple.product-type.application";
		};
/* End PBXNativeTarget section */

/* Begin PBXProject section */
		80E9916C22E0CE0500A7E1DF /* Project object */ = {
			isa = PBXProject;
			attributes = {
				LastSwiftUpdateCheck = 1020;
				LastUpgradeCheck = 1020;
				ORGANIZATIONNAME = ruixingchen;
				TargetAttributes = {
					80E9917322E0CE0500A7E1DF = {
						CreatedOnToolsVersion = 10.2.1;
					};
				};
			};
			buildConfigurationList = 80E9916F22E0CE0500A7E1DF /* Build configuration list for PBXProject "RXCEntityListViewController" */;
			compatibilityVersion = "Xcode 9.3";
			developmentRegion = en;
			hasScannedForEncodings = 0;
			knownRegions = (
				en,
				Base,
			);
			mainGroup = 80E9916B22E0CE0500A7E1DF;
			productRefGroup = 80E9917522E0CE0500A7E1DF /* Products */;
			projectDirPath = "";
			projectReferences = (
				{
					ProductGroup = 8040EE20232E5A2E00BC8456 /* Products */;
					ProjectRef = 8040EE1F232E5A2E00BC8456 /* RXCDiffArray.xcodeproj */;
				},
			);
			projectRoot = "";
			targets = (
				80E9917322E0CE0500A7E1DF /* RXCEntityListViewController */,
			);
		};
/* End PBXProject section */

/* Begin PBXReferenceProxy section */
		8040EE24232E5A2E00BC8456 /* RXCDiffArray.framework */ = {
			isa = PBXReferenceProxy;
			fileType = wrapper.framework;
			path = RXCDiffArray.framework;
			remoteRef = 8040EE23232E5A2E00BC8456 /* PBXContainerItemProxy */;
			sourceTree = BUILT_PRODUCTS_DIR;
		};
/* End PBXReferenceProxy section */

/* Begin PBXResourcesBuildPhase section */
		80E9917222E0CE0500A7E1DF /* Resources */ = {
			isa = PBXResourcesBuildPhase;
			buildActionMask = 2147483647;
			files = (
				80E9918222E0CE0600A7E1DF /* LaunchScreen.storyboard in Resources */,
				80E9917F22E0CE0600A7E1DF /* Assets.xcassets in Resources */,
				80E9917D22E0CE0500A7E1DF /* Main.storyboard in Resources */,
			);
			runOnlyForDeploymentPostprocessing = 0;
		};
/* End PBXResourcesBuildPhase section */

/* Begin PBXSourcesBuildPhase section */
		80E9917022E0CE0500A7E1DF /* Sources */ = {
			isa = PBXSourcesBuildPhase;
			buildActionMask = 2147483647;
			files = (
				8044CB992321108A005FCC30 /* RELTableViewCellSelector.swift in Sources */,
				80E9917A22E0CE0500A7E1DF /* ViewController.swift in Sources */,
				8044CB982321108A005FCC30 /* RELTableViewCellSelectorManager.swift in Sources */,
				8044CB9D2321108A005FCC30 /* RXCEntityListViewController.swift in Sources */,
				80CD3A7A2322319E00A7B039 /* RXCViewLikeObjectProtocol.swift in Sources */,
				80B615DA232EA99900EC4C11 /* RELListRequestDataProcessorProtocol.swift in Sources */,
				8044CB9C2321108A005FCC30 /* RELEntity.swift in Sources */,
				8044CB9F2321145F005FCC30 /* RELCellSelectorPriority.swift in Sources */,
				8044CB9A2321108A005FCC30 /* RELCard.swift in Sources */,
				8040EE2A232E62D000BC8456 /* RELListViewProtocol.swift in Sources */,
				80E9917822E0CE0500A7E1DF /* AppDelegate.swift in Sources */,
				80B615D8232EA1B600EC4C11 /* RELRequestSpec.swift in Sources */,
				8044CB9B2321108A005FCC30 /* RELDataBindableObjectProtocol.swift in Sources */,
			);
			runOnlyForDeploymentPostprocessing = 0;
		};
/* End PBXSourcesBuildPhase section */

/* Begin PBXVariantGroup section */
		80E9917B22E0CE0500A7E1DF /* Main.storyboard */ = {
			isa = PBXVariantGroup;
			children = (
				80E9917C22E0CE0500A7E1DF /* Base */,
			);
			name = Main.storyboard;
			sourceTree = "<group>";
		};
		80E9918022E0CE0600A7E1DF /* LaunchScreen.storyboard */ = {
			isa = PBXVariantGroup;
			children = (
				80E9918122E0CE0600A7E1DF /* Base */,
			);
			name = LaunchScreen.storyboard;
			sourceTree = "<group>";
		};
/* End PBXVariantGroup section */

/* Begin XCBuildConfiguration section */
		80E9918422E0CE0600A7E1DF /* Debug */ = {
			isa = XCBuildConfiguration;
			buildSettings = {
				ALWAYS_SEARCH_USER_PATHS = NO;
				CLANG_ANALYZER_NONNULL = YES;
				CLANG_ANALYZER_NUMBER_OBJECT_CONVERSION = YES_AGGRESSIVE;
				CLANG_CXX_LANGUAGE_STANDARD = "gnu++14";
				CLANG_CXX_LIBRARY = "libc++";
				CLANG_ENABLE_MODULES = YES;
				CLANG_ENABLE_OBJC_ARC = YES;
				CLANG_ENABLE_OBJC_WEAK = YES;
				CLANG_WARN_BLOCK_CAPTURE_AUTORELEASING = YES;
				CLANG_WARN_BOOL_CONVERSION = YES;
				CLANG_WARN_COMMA = YES;
				CLANG_WARN_CONSTANT_CONVERSION = YES;
				CLANG_WARN_DEPRECATED_OBJC_IMPLEMENTATIONS = YES;
				CLANG_WARN_DIRECT_OBJC_ISA_USAGE = YES_ERROR;
				CLANG_WARN_DOCUMENTATION_COMMENTS = YES;
				CLANG_WARN_EMPTY_BODY = YES;
				CLANG_WARN_ENUM_CONVERSION = YES;
				CLANG_WARN_INFINITE_RECURSION = YES;
				CLANG_WARN_INT_CONVERSION = YES;
				CLANG_WARN_NON_LITERAL_NULL_CONVERSION = YES;
				CLANG_WARN_OBJC_IMPLICIT_RETAIN_SELF = YES;
				CLANG_WARN_OBJC_LITERAL_CONVERSION = YES;
				CLANG_WARN_OBJC_ROOT_CLASS = YES_ERROR;
				CLANG_WARN_RANGE_LOOP_ANALYSIS = YES;
				CLANG_WARN_STRICT_PROTOTYPES = YES;
				CLANG_WARN_SUSPICIOUS_MOVE = YES;
				CLANG_WARN_UNGUARDED_AVAILABILITY = YES_AGGRESSIVE;
				CLANG_WARN_UNREACHABLE_CODE = YES;
				CLANG_WARN__DUPLICATE_METHOD_MATCH = YES;
				CODE_SIGN_IDENTITY = "iPhone Developer";
				COPY_PHASE_STRIP = NO;
				DEBUG_INFORMATION_FORMAT = dwarf;
				ENABLE_STRICT_OBJC_MSGSEND = YES;
				ENABLE_TESTABILITY = YES;
				GCC_C_LANGUAGE_STANDARD = gnu11;
				GCC_DYNAMIC_NO_PIC = NO;
				GCC_NO_COMMON_BLOCKS = YES;
				GCC_OPTIMIZATION_LEVEL = 0;
				GCC_PREPROCESSOR_DEFINITIONS = (
					"DEBUG=1",
					"$(inherited)",
				);
				GCC_WARN_64_TO_32_BIT_CONVERSION = YES;
				GCC_WARN_ABOUT_RETURN_TYPE = YES_ERROR;
				GCC_WARN_UNDECLARED_SELECTOR = YES;
				GCC_WARN_UNINITIALIZED_AUTOS = YES_AGGRESSIVE;
				GCC_WARN_UNUSED_FUNCTION = YES;
				GCC_WARN_UNUSED_VARIABLE = YES;
				IPHONEOS_DEPLOYMENT_TARGET = 12.2;
				MTL_ENABLE_DEBUG_INFO = INCLUDE_SOURCE;
				MTL_FAST_MATH = YES;
				ONLY_ACTIVE_ARCH = YES;
				SDKROOT = iphoneos;
				SWIFT_ACTIVE_COMPILATION_CONDITIONS = DEBUG;
				SWIFT_OPTIMIZATION_LEVEL = "-Onone";
			};
			name = Debug;
		};
		80E9918522E0CE0600A7E1DF /* Release */ = {
			isa = XCBuildConfiguration;
			buildSettings = {
				ALWAYS_SEARCH_USER_PATHS = NO;
				CLANG_ANALYZER_NONNULL = YES;
				CLANG_ANALYZER_NUMBER_OBJECT_CONVERSION = YES_AGGRESSIVE;
				CLANG_CXX_LANGUAGE_STANDARD = "gnu++14";
				CLANG_CXX_LIBRARY = "libc++";
				CLANG_ENABLE_MODULES = YES;
				CLANG_ENABLE_OBJC_ARC = YES;
				CLANG_ENABLE_OBJC_WEAK = YES;
				CLANG_WARN_BLOCK_CAPTURE_AUTORELEASING = YES;
				CLANG_WARN_BOOL_CONVERSION = YES;
				CLANG_WARN_COMMA = YES;
				CLANG_WARN_CONSTANT_CONVERSION = YES;
				CLANG_WARN_DEPRECATED_OBJC_IMPLEMENTATIONS = YES;
				CLANG_WARN_DIRECT_OBJC_ISA_USAGE = YES_ERROR;
				CLANG_WARN_DOCUMENTATION_COMMENTS = YES;
				CLANG_WARN_EMPTY_BODY = YES;
				CLANG_WARN_ENUM_CONVERSION = YES;
				CLANG_WARN_INFINITE_RECURSION = YES;
				CLANG_WARN_INT_CONVERSION = YES;
				CLANG_WARN_NON_LITERAL_NULL_CONVERSION = YES;
				CLANG_WARN_OBJC_IMPLICIT_RETAIN_SELF = YES;
				CLANG_WARN_OBJC_LITERAL_CONVERSION = YES;
				CLANG_WARN_OBJC_ROOT_CLASS = YES_ERROR;
				CLANG_WARN_RANGE_LOOP_ANALYSIS = YES;
				CLANG_WARN_STRICT_PROTOTYPES = YES;
				CLANG_WARN_SUSPICIOUS_MOVE = YES;
				CLANG_WARN_UNGUARDED_AVAILABILITY = YES_AGGRESSIVE;
				CLANG_WARN_UNREACHABLE_CODE = YES;
				CLANG_WARN__DUPLICATE_METHOD_MATCH = YES;
				CODE_SIGN_IDENTITY = "iPhone Developer";
				COPY_PHASE_STRIP = NO;
				DEBUG_INFORMATION_FORMAT = "dwarf-with-dsym";
				ENABLE_NS_ASSERTIONS = NO;
				ENABLE_STRICT_OBJC_MSGSEND = YES;
				GCC_C_LANGUAGE_STANDARD = gnu11;
				GCC_NO_COMMON_BLOCKS = YES;
				GCC_WARN_64_TO_32_BIT_CONVERSION = YES;
				GCC_WARN_ABOUT_RETURN_TYPE = YES_ERROR;
				GCC_WARN_UNDECLARED_SELECTOR = YES;
				GCC_WARN_UNINITIALIZED_AUTOS = YES_AGGRESSIVE;
				GCC_WARN_UNUSED_FUNCTION = YES;
				GCC_WARN_UNUSED_VARIABLE = YES;
				IPHONEOS_DEPLOYMENT_TARGET = 12.2;
				MTL_ENABLE_DEBUG_INFO = NO;
				MTL_FAST_MATH = YES;
				SDKROOT = iphoneos;
				SWIFT_COMPILATION_MODE = wholemodule;
				SWIFT_OPTIMIZATION_LEVEL = "-O";
				VALIDATE_PRODUCT = YES;
			};
			name = Release;
		};
		80E9918722E0CE0600A7E1DF /* Debug */ = {
			isa = XCBuildConfiguration;
			buildSettings = {
				ASSETCATALOG_COMPILER_APPICON_NAME = AppIcon;
				CODE_SIGN_STYLE = Automatic;
				DEVELOPMENT_TEAM = 4RHHQE5755;
				INFOPLIST_FILE = RXCEntityListViewController/Info.plist;
				IPHONEOS_DEPLOYMENT_TARGET = 11;
				LD_RUNPATH_SEARCH_PATHS = (
					"$(inherited)",
					"@executable_path/Frameworks",
				);
				PRODUCT_BUNDLE_IDENTIFIER = com.ruixingchenwork.RXCEntityListViewController;
				PRODUCT_NAME = "$(TARGET_NAME)";
				SWIFT_ACTIVE_COMPILATION_CONDITIONS = DEBUG;
				SWIFT_VERSION = 5.0;
				TARGETED_DEVICE_FAMILY = "1,2";
			};
			name = Debug;
		};
		80E9918822E0CE0600A7E1DF /* Release */ = {
			isa = XCBuildConfiguration;
			buildSettings = {
				ASSETCATALOG_COMPILER_APPICON_NAME = AppIcon;
				CODE_SIGN_STYLE = Automatic;
				DEVELOPMENT_TEAM = 4RHHQE5755;
				INFOPLIST_FILE = RXCEntityListViewController/Info.plist;
				IPHONEOS_DEPLOYMENT_TARGET = 11;
				LD_RUNPATH_SEARCH_PATHS = (
					"$(inherited)",
					"@executable_path/Frameworks",
				);
				PRODUCT_BUNDLE_IDENTIFIER = com.ruixingchenwork.RXCEntityListViewController;
				PRODUCT_NAME = "$(TARGET_NAME)";
				SWIFT_ACTIVE_COMPILATION_CONDITIONS = "";
				SWIFT_VERSION = 5.0;
				TARGETED_DEVICE_FAMILY = "1,2";
			};
			name = Release;
		};
/* End XCBuildConfiguration section */

/* Begin XCConfigurationList section */
		80E9916F22E0CE0500A7E1DF /* Build configuration list for PBXProject "RXCEntityListViewController" */ = {
			isa = XCConfigurationList;
			buildConfigurations = (
				80E9918422E0CE0600A7E1DF /* Debug */,
				80E9918522E0CE0600A7E1DF /* Release */,
			);
			defaultConfigurationIsVisible = 0;
			defaultConfigurationName = Release;
		};
		80E9918622E0CE0600A7E1DF /* Build configuration list for PBXNativeTarget "RXCEntityListViewController" */ = {
			isa = XCConfigurationList;
			buildConfigurations = (
				80E9918722E0CE0600A7E1DF /* Debug */,
				80E9918822E0CE0600A7E1DF /* Release */,
			);
			defaultConfigurationIsVisible = 0;
			defaultConfigurationName = Release;
		};
/* End XCConfigurationList section */
	};
	rootObject = 80E9916C22E0CE0500A7E1DF /* Project object */;
}
